
Microsoft Visual Studio Solution File, Format Version 12.00
# Visual Studio Version 17
VisualStudioVersion = 17.14.37516.0 d17.14
MinimumVisualStudioVersion = 10.0.40219.1
Project("{FAE04EC0-301F-11D3-BF4B-00C04F79EFBC}") = "ADVC#01", "ADVC#01\ADVC#01.csproj", "{B43FD683-A7DA-4A6C-A303-3B25B7121A60}"
EndProject
Global
	GlobalSection(SolutionConfigurationPlatforms) = preSolution
		Debug|Any CPU = Debug|Any CPU
		Release|Any CPU = Release|Any CPU
	EndGlobalSection
	GlobalSection(ProjectConfigurationPlatforms) = postSolution
		{B43FD683-A7DA-4A6C-A303-3B25B7121A60}.Debug|Any CPU.ActiveCfg = Debug|Any CPU
		{B43FD683-A7DA-4A6C-A303-3B25B7121A60}.Debug|Any CPU.Build.0 = Debug|Any CPU
		{B43FD683-A7DA-4A6C-A303-3B25B7121A60}.Release|Any CPU.ActiveCfg = Release|Any CPU
		{B43FD683-A7DA-4A6C-A303-3B25B7121A60}.Release|Any CPU.Build.0 = Release|Any CPU
	EndGlobalSection
	GlobalSection(SolutionProperties) = preSolution
		HideSolutionNode = FALSE
	EndGlobalSection
	GlobalSection(ExtensibilityGlobals) = postSolution
		SolutionGuid = {19478183-6DAF-4F01-99C5-34FD88BF2670}
	EndGlobalSection
EndGlobal
